
Microsoft Visual Studio Solution File, Format Version 12.00
# Visual Studio Version 17
VisualStudioVersion = 17.6.33723.286
MinimumVisualStudioVersion = 10.0.40219.1
Project("{8BC9CEB8-8B4A-11D0-8D11-00A0C91BC942}") = "RayTracer", "RayTracer.vcxproj", "{EBF1E55F-3F6A-4108-B7AF-38B64C3EC776}"
EndProject
Global
	GlobalSection(SolutionConfigurationPlatforms) = preSolution
		Debug|x64 = Debug|x64
		Debug|x86 = Debug|x86
		Release|x64 = Release|x64
		Release|x86 = Release|x86
	EndGlobalSection
	GlobalSection(ProjectConfigurationPlatforms) = postSolution
		{EBF1E55F-3F6A-4108-B7AF-38B64C3EC776}.Debug|x64.ActiveCfg = Debug|x64
		{EBF1E55F-3F6A-4108-B7AF-38B64C3EC776}.Debug|x64.Build.0 = Debug|x64
		{EBF1E55F-3F6A-4108-B7AF-38B64C3EC776}.Debug|x86.ActiveCfg = Debug|Win32
		{EBF1E55F-3F6A-4108-B7AF-38B64C3EC776}.Debug|x86.Build.0 = Debug|Win32
		{EBF1E55F-3F6A-4108-B7AF-38B64C3EC776}.Release|x64.ActiveCfg = Release|x64
		{EBF1E55F-3F6A-4108-B7AF-38B64C3EC776}.Release|x64.Build.0 = Release|x64
		{EBF1E55F-3F6A-4108-B7AF-38B64C3EC776}.Release|x86.ActiveCfg = Release|Win32
		{EBF1E55F-3F6A-4108-B7AF-38B64C3EC776}.Release|x86.Build.0 = Release|Win32
	EndGlobalSection
	GlobalSection(SolutionProperties) = preSolution
		HideSolutionNode = FALSE
	EndGlobalSection
	GlobalSection(ExtensibilityGlobals) = postSolution
		SolutionGuid = {6E3158A5-FC73-49A6-A5BE-A1BE9BC3A936}
	EndGlobalSection
EndGlobal
